
Microsoft Visual Studio Solution File, Format Version 12.00
# Visual Studio Version 17
VisualStudioVersion = 17.0.31512.422
MinimumVisualStudioVersion = 10.0.40219.1
Project("{2150E333-8FDC-42A3-9474-1A3956D46DE8}") = "Client", "Client", "{BB131043-263D-44F6-B6BB-70072D0C783D}"
EndProject
Project("{2150E333-8FDC-42A3-9474-1A3956D46DE8}") = "Common", "Common", "{8D9BF89B-6E25-4686-AAD9-CF07A3420989}"
EndProject
Project("{2150E333-8FDC-42A3-9474-1A3956D46DE8}") = "Server", "Server", "{C082D845-399E-41C3-BDAC-4A572DDDD411}"
EndProject
Project("{9A19103F-16F7-4668-BE54-9A1E7A4F7556}") = "ITSolution.Framework.Core.Host", "Client\ITSolution.Framework.Core.Host\ITSolution.Framework.Core.Host.csproj", "{BDB98D55-03B6-496E-9E60-217D968747D2}"
EndProject
Project("{9A19103F-16F7-4668-BE54-9A1E7A4F7556}") = "ITSolution.Framework.Core", "Common\ITSolution.Framework.Core\ITSolution.Framework.Core.csproj", "{A552CF9B-D80E-4A12-BE5C-50C4CC5DC930}"
EndProject
Project("{9A19103F-16F7-4668-BE54-9A1E7A4F7556}") = "ITSolution.Framework.Core.Server", "Servers\ITSolution.Framework.Server.Core\ITSolution.Framework.Core.Server.csproj", "{009E4D21-29E4-4772-B421-BCFB1779735A}"
EndProject
Project("{9A19103F-16F7-4668-BE54-9A1E7A4F7556}") = "ITSolution.Framework.Servers.Core.FirstAPI", "Servers\ITSolution.Framework.Servers.Core.FirstAPI\ITSolution.Framework.Servers.Core.FirstAPI.csproj", "{8BB461EB-CC46-452D-9BC6-904639A4DF0E}"
EndProject
Project("{2150E333-8FDC-42A3-9474-1A3956D46DE8}") = "Solution Items", "Solution Items", "{C067B5E7-E4AD-4613-B858-A3C45AF96399}"
	ProjectSection(SolutionItems) = preProject
		Copy_Output_Files_Api.bat = Copy_Output_Files_Api.bat
		Copy_Output_Files_Core.bat = Copy_Output_Files_Core.bat
		Leiame_PostBuild_Events.txt = Leiame_PostBuild_Events.txt
		SolutionInfo.cs = SolutionInfo.cs
	EndProjectSection
EndProject
Project("{2150E333-8FDC-42A3-9474-1A3956D46DE8}") = "Templates", "Templates", "{CFDD1886-E192-48E7-8916-CF58886F16D3}"
	ProjectSection(SolutionItems) = preProject
		Templates\ITSolution ASP .NET Core Application.zip = Templates\ITSolution ASP .NET Core Application.zip
		Templates\ITSolution ASP .NET Core Web API.zip = Templates\ITSolution ASP .NET Core Web API.zip
	EndProjectSection
EndProject
Project("{9A19103F-16F7-4668-BE54-9A1E7A4F7556}") = "ITSolution.Framework.Servers.Core.CustomUserAPI", "Templates\ITSolution.Framework.Servers.Core.CustomUserAPI\ITSolution.Framework.Servers.Core.CustomUserAPI.csproj", "{0A4726D3-402F-44A8-9B94-7DF022D34B9F}"
EndProject
Project("{2150E333-8FDC-42A3-9474-1A3956D46DE8}") = "Files", "Files", "{29076EF1-B5F8-43ED-8B28-69F1CA8A3649}"
	ProjectSection(SolutionItems) = preProject
		TemplateReadme.txt = TemplateReadme.txt
	EndProjectSection
EndProject
Project("{9A19103F-16F7-4668-BE54-9A1E7A4F7556}") = "ITSolution.Framework.Core.AspHost", "Client\ITSolution.Framework.Core.AspHost\ITSolution.Framework.Core.AspHost.csproj", "{16E9482F-2454-48A3-9CE0-CE206B1B67C6}"
EndProject
Project("{9A19103F-16F7-4668-BE54-9A1E7A4F7556}") = "ConsoleApp1", "Client\ConsoleApp1\ConsoleApp1.csproj", "{76DDCC01-C8EF-4A70-9285-23F3DDA7258B}"
EndProject
Project("{9A19103F-16F7-4668-BE54-9A1E7A4F7556}") = "ITSolution.Framework.Servers.Core.CustomersPages", "Servers\ITSolution.Framework.Servers.Core.CustomersPages\ITSolution.Framework.Servers.Core.CustomersPages.csproj", "{55B7970B-2266-4862-8323-4DFFC848E627}"
EndProject
Project("{9A19103F-16F7-4668-BE54-9A1E7A4F7556}") = "ITSolution.Framework.Servers.Core.Pages", "Templates\ITSolution.Framework.Servers.Core.Pages\ITSolution.Framework.Servers.Core.Pages.csproj", "{CC71F43A-CA7A-4160-84C9-8298BE110893}"
EndProject
Project("{9A19103F-16F7-4668-BE54-9A1E7A4F7556}") = "ITSolution.Framework.Client.App", "Client\DXWebApplication1\ITSolution.Framework.Client.App.csproj", "{9F5AB8EF-D047-48CB-B82B-C2E605C48E5D}"
EndProject
Project("{2150E333-8FDC-42A3-9474-1A3956D46DE8}") = "Blazor", "Blazor", "{137988F9-604D-452F-934A-A8488867CC2E}"
EndProject
Project("{9A19103F-16F7-4668-BE54-9A1E7A4F7556}") = "ITSolution.Framework.Blazor.Application", "Blazor\Application\ITSolution.Framework.Blazor.Application.csproj", "{748F52BB-48A2-4385-AA85-8586C3F85646}"
EndProject
Project("{9A19103F-16F7-4668-BE54-9A1E7A4F7556}") = "ITSolution.Framework.Blazor.Client", "Blazor\Client\ITSolution.Framework.Blazor.Client.csproj", "{476BB3B0-7ABA-4A8B-A614-A908D27BFA9A}"
EndProject
Project("{9A19103F-16F7-4668-BE54-9A1E7A4F7556}") = "ITSolution.Framework.Blazor.Client.Infrastructure", "Blazor\Client.Infrastructure\ITSolution.Framework.Blazor.Client.Infrastructure.csproj", "{D4D0A984-9F09-4477-9DC1-6B2EB02FBE65}"
EndProject
Project("{9A19103F-16F7-4668-BE54-9A1E7A4F7556}") = "ITSolution.Framework.Blazor.Domain", "Blazor\Domain\ITSolution.Framework.Blazor.Domain.csproj", "{A48C4400-9337-4C59-82C0-674F4D5010EF}"
EndProject
Project("{9A19103F-16F7-4668-BE54-9A1E7A4F7556}") = "ITSolution.Framework.Blazor.Infrastructure", "Blazor\Infrastructure\ITSolution.Framework.Blazor.Infrastructure.csproj", "{D52CC403-47D1-42F1-BD2D-512482696F1C}"
EndProject
Project("{9A19103F-16F7-4668-BE54-9A1E7A4F7556}") = "ITSolution.Framework.Blazor.Infrastructure.Shared", "Blazor\Infrastructure.Shared\ITSolution.Framework.Blazor.Infrastructure.Shared.csproj", "{7CF986FB-DCAD-4455-BC83-A10E0875DBD7}"
EndProject
Project("{9A19103F-16F7-4668-BE54-9A1E7A4F7556}") = "ITSolution.Framework.Blazor.Server", "Blazor\Server\ITSolution.Framework.Blazor.Server.csproj", "{A6264817-3AC6-47FF-A091-79E7D4A17BD3}"
EndProject
Project("{9A19103F-16F7-4668-BE54-9A1E7A4F7556}") = "ITSolution.Framework.Blazor.Shared", "Blazor\Shared\ITSolution.Framework.Blazor.Shared.csproj", "{C7734811-6925-4F9F-9663-0C4A4B89F848}"
EndProject
Global
	GlobalSection(SolutionConfigurationPlatforms) = preSolution
		Debug|Any CPU = Debug|Any CPU
		Release|Any CPU = Release|Any CPU
	EndGlobalSection
	GlobalSection(ProjectConfigurationPlatforms) = postSolution
		{BDB98D55-03B6-496E-9E60-217D968747D2}.Debug|Any CPU.ActiveCfg = Debug|Any CPU
		{BDB98D55-03B6-496E-9E60-217D968747D2}.Release|Any CPU.ActiveCfg = Release|Any CPU
		{BDB98D55-03B6-496E-9E60-217D968747D2}.Release|Any CPU.Build.0 = Release|Any CPU
		{A552CF9B-D80E-4A12-BE5C-50C4CC5DC930}.Debug|Any CPU.ActiveCfg = Debug|Any CPU
		{A552CF9B-D80E-4A12-BE5C-50C4CC5DC930}.Release|Any CPU.ActiveCfg = Release|Any CPU
		{A552CF9B-D80E-4A12-BE5C-50C4CC5DC930}.Release|Any CPU.Build.0 = Release|Any CPU
		{009E4D21-29E4-4772-B421-BCFB1779735A}.Debug|Any CPU.ActiveCfg = Debug|Any CPU
		{009E4D21-29E4-4772-B421-BCFB1779735A}.Release|Any CPU.ActiveCfg = Release|Any CPU
		{009E4D21-29E4-4772-B421-BCFB1779735A}.Release|Any CPU.Build.0 = Release|Any CPU
		{8BB461EB-CC46-452D-9BC6-904639A4DF0E}.Debug|Any CPU.ActiveCfg = Debug|Any CPU
		{8BB461EB-CC46-452D-9BC6-904639A4DF0E}.Release|Any CPU.ActiveCfg = Release|Any CPU
		{8BB461EB-CC46-452D-9BC6-904639A4DF0E}.Release|Any CPU.Build.0 = Release|Any CPU
		{0A4726D3-402F-44A8-9B94-7DF022D34B9F}.Debug|Any CPU.ActiveCfg = Debug|Any CPU
		{0A4726D3-402F-44A8-9B94-7DF022D34B9F}.Release|Any CPU.ActiveCfg = Release|Any CPU
		{0A4726D3-402F-44A8-9B94-7DF022D34B9F}.Release|Any CPU.Build.0 = Release|Any CPU
		{16E9482F-2454-48A3-9CE0-CE206B1B67C6}.Debug|Any CPU.ActiveCfg = Debug|Any CPU
		{16E9482F-2454-48A3-9CE0-CE206B1B67C6}.Release|Any CPU.ActiveCfg = Release|Any CPU
		{16E9482F-2454-48A3-9CE0-CE206B1B67C6}.Release|Any CPU.Build.0 = Release|Any CPU
		{76DDCC01-C8EF-4A70-9285-23F3DDA7258B}.Debug|Any CPU.ActiveCfg = Debug|Any CPU
		{76DDCC01-C8EF-4A70-9285-23F3DDA7258B}.Release|Any CPU.ActiveCfg = Release|Any CPU
		{76DDCC01-C8EF-4A70-9285-23F3DDA7258B}.Release|Any CPU.Build.0 = Release|Any CPU
		{55B7970B-2266-4862-8323-4DFFC848E627}.Debug|Any CPU.ActiveCfg = Debug|Any CPU
		{55B7970B-2266-4862-8323-4DFFC848E627}.Release|Any CPU.ActiveCfg = Release|Any CPU
		{55B7970B-2266-4862-8323-4DFFC848E627}.Release|Any CPU.Build.0 = Release|Any CPU
		{CC71F43A-CA7A-4160-84C9-8298BE110893}.Debug|Any CPU.ActiveCfg = Debug|Any CPU
		{CC71F43A-CA7A-4160-84C9-8298BE110893}.Release|Any CPU.ActiveCfg = Release|Any CPU
		{CC71F43A-CA7A-4160-84C9-8298BE110893}.Release|Any CPU.Build.0 = Release|Any CPU
		{9F5AB8EF-D047-48CB-B82B-C2E605C48E5D}.Debug|Any CPU.ActiveCfg = Debug|Any CPU
		{9F5AB8EF-D047-48CB-B82B-C2E605C48E5D}.Release|Any CPU.ActiveCfg = Release|Any CPU
		{9F5AB8EF-D047-48CB-B82B-C2E605C48E5D}.Release|Any CPU.Build.0 = Release|Any CPU
		{748F52BB-48A2-4385-AA85-8586C3F85646}.Debug|Any CPU.ActiveCfg = Debug|Any CPU
		{748F52BB-48A2-4385-AA85-8586C3F85646}.Debug|Any CPU.Build.0 = Debug|Any CPU
		{748F52BB-48A2-4385-AA85-8586C3F85646}.Release|Any CPU.ActiveCfg = Release|Any CPU
		{748F52BB-48A2-4385-AA85-8586C3F85646}.Release|Any CPU.Build.0 = Release|Any CPU
		{476BB3B0-7ABA-4A8B-A614-A908D27BFA9A}.Debug|Any CPU.ActiveCfg = Debug|Any CPU
		{476BB3B0-7ABA-4A8B-A614-A908D27BFA9A}.Debug|Any CPU.Build.0 = Debug|Any CPU
		{476BB3B0-7ABA-4A8B-A614-A908D27BFA9A}.Release|Any CPU.ActiveCfg = Release|Any CPU
		{476BB3B0-7ABA-4A8B-A614-A908D27BFA9A}.Release|Any CPU.Build.0 = Release|Any CPU
		{D4D0A984-9F09-4477-9DC1-6B2EB02FBE65}.Debug|Any CPU.ActiveCfg = Debug|Any CPU
		{D4D0A984-9F09-4477-9DC1-6B2EB02FBE65}.Debug|Any CPU.Build.0 = Debug|Any CPU
		{D4D0A984-9F09-4477-9DC1-6B2EB02FBE65}.Release|Any CPU.ActiveCfg = Release|Any CPU
		{D4D0A984-9F09-4477-9DC1-6B2EB02FBE65}.Release|Any CPU.Build.0 = Release|Any CPU
		{A48C4400-9337-4C59-82C0-674F4D5010EF}.Debug|Any CPU.ActiveCfg = Debug|Any CPU
		{A48C4400-9337-4C59-82C0-674F4D5010EF}.Debug|Any CPU.Build.0 = Debug|Any CPU
		{A48C4400-9337-4C59-82C0-674F4D5010EF}.Release|Any CPU.ActiveCfg = Release|Any CPU
		{A48C4400-9337-4C59-82C0-674F4D5010EF}.Release|Any CPU.Build.0 = Release|Any CPU
		{D52CC403-47D1-42F1-BD2D-512482696F1C}.Debug|Any CPU.ActiveCfg = Debug|Any CPU
		{D52CC403-47D1-42F1-BD2D-512482696F1C}.Debug|Any CPU.Build.0 = Debug|Any CPU
		{D52CC403-47D1-42F1-BD2D-512482696F1C}.Release|Any CPU.ActiveCfg = Release|Any CPU
		{D52CC403-47D1-42F1-BD2D-512482696F1C}.Release|Any CPU.Build.0 = Release|Any CPU
		{7CF986FB-DCAD-4455-BC83-A10E0875DBD7}.Debug|Any CPU.ActiveCfg = Debug|Any CPU
		{7CF986FB-DCAD-4455-BC83-A10E0875DBD7}.Debug|Any CPU.Build.0 = Debug|Any CPU
		{7CF986FB-DCAD-4455-BC83-A10E0875DBD7}.Release|Any CPU.ActiveCfg = Release|Any CPU
		{7CF986FB-DCAD-4455-BC83-A10E0875DBD7}.Release|Any CPU.Build.0 = Release|Any CPU
		{A6264817-3AC6-47FF-A091-79E7D4A17BD3}.Debug|Any CPU.ActiveCfg = Debug|Any CPU
		{A6264817-3AC6-47FF-A091-79E7D4A17BD3}.Debug|Any CPU.Build.0 = Debug|Any CPU
		{A6264817-3AC6-47FF-A091-79E7D4A17BD3}.Release|Any CPU.ActiveCfg = Release|Any CPU
		{A6264817-3AC6-47FF-A091-79E7D4A17BD3}.Release|Any CPU.Build.0 = Release|Any CPU
		{C7734811-6925-4F9F-9663-0C4A4B89F848}.Debug|Any CPU.ActiveCfg = Debug|Any CPU
		{C7734811-6925-4F9F-9663-0C4A4B89F848}.Debug|Any CPU.Build.0 = Debug|Any CPU
		{C7734811-6925-4F9F-9663-0C4A4B89F848}.Release|Any CPU.ActiveCfg = Release|Any CPU
		{C7734811-6925-4F9F-9663-0C4A4B89F848}.Release|Any CPU.Build.0 = Release|Any CPU
	EndGlobalSection
	GlobalSection(SolutionProperties) = preSolution
		HideSolutionNode = FALSE
	EndGlobalSection
	GlobalSection(NestedProjects) = preSolution
		{BDB98D55-03B6-496E-9E60-217D968747D2} = {BB131043-263D-44F6-B6BB-70072D0C783D}
		{A552CF9B-D80E-4A12-BE5C-50C4CC5DC930} = {8D9BF89B-6E25-4686-AAD9-CF07A3420989}
		{009E4D21-29E4-4772-B421-BCFB1779735A} = {C082D845-399E-41C3-BDAC-4A572DDDD411}
		{8BB461EB-CC46-452D-9BC6-904639A4DF0E} = {CFDD1886-E192-48E7-8916-CF58886F16D3}
		{0A4726D3-402F-44A8-9B94-7DF022D34B9F} = {CFDD1886-E192-48E7-8916-CF58886F16D3}
		{29076EF1-B5F8-43ED-8B28-69F1CA8A3649} = {CFDD1886-E192-48E7-8916-CF58886F16D3}
		{16E9482F-2454-48A3-9CE0-CE206B1B67C6} = {BB131043-263D-44F6-B6BB-70072D0C783D}
		{76DDCC01-C8EF-4A70-9285-23F3DDA7258B} = {BB131043-263D-44F6-B6BB-70072D0C783D}
		{55B7970B-2266-4862-8323-4DFFC848E627} = {CFDD1886-E192-48E7-8916-CF58886F16D3}
		{CC71F43A-CA7A-4160-84C9-8298BE110893} = {CFDD1886-E192-48E7-8916-CF58886F16D3}
		{9F5AB8EF-D047-48CB-B82B-C2E605C48E5D} = {BB131043-263D-44F6-B6BB-70072D0C783D}
		{748F52BB-48A2-4385-AA85-8586C3F85646} = {137988F9-604D-452F-934A-A8488867CC2E}
		{476BB3B0-7ABA-4A8B-A614-A908D27BFA9A} = {137988F9-604D-452F-934A-A8488867CC2E}
		{D4D0A984-9F09-4477-9DC1-6B2EB02FBE65} = {137988F9-604D-452F-934A-A8488867CC2E}
		{A48C4400-9337-4C59-82C0-674F4D5010EF} = {137988F9-604D-452F-934A-A8488867CC2E}
		{D52CC403-47D1-42F1-BD2D-512482696F1C} = {137988F9-604D-452F-934A-A8488867CC2E}
		{7CF986FB-DCAD-4455-BC83-A10E0875DBD7} = {137988F9-604D-452F-934A-A8488867CC2E}
		{A6264817-3AC6-47FF-A091-79E7D4A17BD3} = {137988F9-604D-452F-934A-A8488867CC2E}
		{C7734811-6925-4F9F-9663-0C4A4B89F848} = {137988F9-604D-452F-934A-A8488867CC2E}
	EndGlobalSection
	GlobalSection(ExtensibilityGlobals) = postSolution
		SolutionGuid = {5142566D-4AB3-46E6-99D0-9F766D6EC922}
	EndGlobalSection
EndGlobal
